// !$*UTF8*$!
{
	archiveVersion = 1;
	classes = {
	};
	objectVersion = 46;
	objects = {

/* Begin PBXBuildFile section */
		2C1197301B92EA7500ECD2F7 /* Foundation.framework in Frameworks */ = {isa = PBXBuildFile; fileRef = 2C11972F1B92EA7500ECD2F7 /* Foundation.framework */; };
		2C1197321B92EA7500ECD2F7 /* CoreGraphics.framework in Frameworks */ = {isa = PBXBuildFile; fileRef = 2C1197311B92EA7500ECD2F7 /* CoreGraphics.framework */; };
		2C1197341B92EA7500ECD2F7 /* UIKit.framework in Frameworks */ = {isa = PBXBuildFile; fileRef = 2C1197331B92EA7500ECD2F7 /* UIKit.framework */; };
		2C11973A1B92EA7500ECD2F7 /* InfoPlist.strings in Resources */ = {isa = PBXBuildFile; fileRef = 2C1197381B92EA7500ECD2F7 /* InfoPlist.strings */; };
		2C11973C1B92EA7500ECD2F7 /* main.m in Sources */ = {isa = PBXBuildFile; fileRef = 2C11973B1B92EA7500ECD2F7 /* main.m */; };
		2C1197401B92EA7500ECD2F7 /* AppDelegate.m in Sources */ = {isa = PBXBuildFile; fileRef = 2C11973F1B92EA7500ECD2F7 /* AppDelegate.m */; };
		2C1197421B92EA7500ECD2F7 /* Images.xcassets in Resources */ = {isa = PBXBuildFile; fileRef = 2C1197411B92EA7500ECD2F7 /* Images.xcassets */; };
		2C1197491B92EA7500ECD2F7 /* XCTest.framework in Frameworks */ = {isa = PBXBuildFile; fileRef = 2C1197481B92EA7500ECD2F7 /* XCTest.framework */; };
		2C11974A1B92EA7500ECD2F7 /* Foundation.framework in Frameworks */ = {isa = PBXBuildFile; fileRef = 2C11972F1B92EA7500ECD2F7 /* Foundation.framework */; };
		2C11974B1B92EA7500ECD2F7 /* UIKit.framework in Frameworks */ = {isa = PBXBuildFile; fileRef = 2C1197331B92EA7500ECD2F7 /* UIKit.framework */; };
		2C1197531B92EA7500ECD2F7 /* InfoPlist.strings in Resources */ = {isa = PBXBuildFile; fileRef = 2C1197511B92EA7500ECD2F7 /* InfoPlist.strings */; };
		2C1197551B92EA7500ECD2F7 /* CustomizedDatePickerTests.m in Sources */ = {isa = PBXBuildFile; fileRef = 2C1197541B92EA7500ECD2F7 /* CustomizedDatePickerTests.m */; };
		2C1197611B92EACD00ECD2F7 /* DatePicker.m in Sources */ = {isa = PBXBuildFile; fileRef = 2C1197601B92EACD00ECD2F7 /* DatePicker.m */; };
		2C1197681B92EC8D00ECD2F7 /* Utilities.m in Sources */ = {isa = PBXBuildFile; fileRef = 2C1197671B92EC8D00ECD2F7 /* Utilities.m */; };
		2C1197721B92EDC900ECD2F7 /* CustomRangeDatePicker.m in Sources */ = {isa = PBXBuildFile; fileRef = 2C11976D1B92EDC900ECD2F7 /* CustomRangeDatePicker.m */; };
		2C1197731B92EDC900ECD2F7 /* CustomRangeDatePicker.xib in Resources */ = {isa = PBXBuildFile; fileRef = 2C11976E1B92EDC900ECD2F7 /* CustomRangeDatePicker.xib */; };
		2C1197741B92EDC900ECD2F7 /* CustomSingleDatePicker.m in Sources */ = {isa = PBXBuildFile; fileRef = 2C1197701B92EDC900ECD2F7 /* CustomSingleDatePicker.m */; };
		2C1197751B92EDC900ECD2F7 /* CustomSingleDatePicker.xib in Resources */ = {isa = PBXBuildFile; fileRef = 2C1197711B92EDC900ECD2F7 /* CustomSingleDatePicker.xib */; };
		2C11977A1B92EE9F00ECD2F7 /* CustomizedDatePickerViewController.m in Sources */ = {isa = PBXBuildFile; fileRef = 2C1197781B92EE9F00ECD2F7 /* CustomizedDatePickerViewController.m */; };
		2C11977B1B92EE9F00ECD2F7 /* CustomizedDatePickerViewController.xib in Resources */ = {isa = PBXBuildFile; fileRef = 2C1197791B92EE9F00ECD2F7 /* CustomizedDatePickerViewController.xib */; };
		2C11977D1B93191400ECD2F7 /* CustomizedDatePickerViewController_iPhone.xib in Resources */ = {isa = PBXBuildFile; fileRef = 2C11977C1B93191400ECD2F7 /* CustomizedDatePickerViewController_iPhone.xib */; };
		2C1197921B93251600ECD2F7 /* Icon-40.png in Resources */ = {isa = PBXBuildFile; fileRef = 2C11977F1B93251600ECD2F7 /* Icon-40.png */; };
		2C1197931B93251600ECD2F7 /* Icon-40@2x.png in Resources */ = {isa = PBXBuildFile; fileRef = 2C1197801B93251600ECD2F7 /* Icon-40@2x.png */; };
		2C1197941B93251600ECD2F7 /* Icon-40@3x.png in Resources */ = {isa = PBXBuildFile; fileRef = 2C1197811B93251600ECD2F7 /* Icon-40@3x.png */; };
		2C1197951B93251600ECD2F7 /* Icon-60.png in Resources */ = {isa = PBXBuildFile; fileRef = 2C1197821B93251600ECD2F7 /* Icon-60.png */; };
		2C1197961B93251600ECD2F7 /* Icon-60@2x.png in Resources */ = {isa = PBXBuildFile; fileRef = 2C1197831B93251600ECD2F7 /* Icon-60@2x.png */; };
		2C1197971B93251600ECD2F7 /* Icon-60@3x.png in Resources */ = {isa = PBXBuildFile; fileRef = 2C1197841B93251600ECD2F7 /* Icon-60@3x.png */; };
		2C1197981B93251600ECD2F7 /* Icon-72.png in Resources */ = {isa = PBXBuildFile; fileRef = 2C1197851B93251600ECD2F7 /* Icon-72.png */; };
		2C1197991B93251600ECD2F7 /* Icon-72@2x.png in Resources */ = {isa = PBXBuildFile; fileRef = 2C1197861B93251600ECD2F7 /* Icon-72@2x.png */; };
		2C11979A1B93251600ECD2F7 /* Icon-76.png in Resources */ = {isa = PBXBuildFile; fileRef = 2C1197871B93251600ECD2F7 /* Icon-76.png */; };
		2C11979B1B93251600ECD2F7 /* Icon-76@2x.png in Resources */ = {isa = PBXBuildFile; fileRef = 2C1197881B93251600ECD2F7 /* Icon-76@2x.png */; };
		2C11979C1B93251600ECD2F7 /* Icon-Small-50.png in Resources */ = {isa = PBXBuildFile; fileRef = 2C1197891B93251600ECD2F7 /* Icon-Small-50.png */; };
		2C11979D1B93251600ECD2F7 /* Icon-Small-50@2x.png in Resources */ = {isa = PBXBuildFile; fileRef = 2C11978A1B93251600ECD2F7 /* Icon-Small-50@2x.png */; };
		2C11979E1B93251600ECD2F7 /* Icon-Small.png in Resources */ = {isa = PBXBuildFile; fileRef = 2C11978B1B93251600ECD2F7 /* Icon-Small.png */; };
		2C11979F1B93251600ECD2F7 /* Icon-Small@2x.png in Resources */ = {isa = PBXBuildFile; fileRef = 2C11978C1B93251600ECD2F7 /* Icon-Small@2x.png */; };
		2C1197A01B93251600ECD2F7 /* Icon-Small@3x.png in Resources */ = {isa = PBXBuildFile; fileRef = 2C11978D1B93251600ECD2F7 /* Icon-Small@3x.png */; };
		2C1197A11B93251600ECD2F7 /* Icon.png in Resources */ = {isa = PBXBuildFile; fileRef = 2C11978E1B93251600ECD2F7 /* Icon.png */; };
		2C1197A21B93251600ECD2F7 /* Icon@2x.png in Resources */ = {isa = PBXBuildFile; fileRef = 2C11978F1B93251600ECD2F7 /* Icon@2x.png */; };
		2C1197A31B93251600ECD2F7 /* iTunesArtwork.png in Resources */ = {isa = PBXBuildFile; fileRef = 2C1197901B93251600ECD2F7 /* iTunesArtwork.png */; };
		2C1197A41B93251600ECD2F7 /* iTunesArtwork@2x.png in Resources */ = {isa = PBXBuildFile; fileRef = 2C1197911B93251600ECD2F7 /* iTunesArtwork@2x.png */; };
/* End PBXBuildFile section */

/* Begin PBXContainerItemProxy section */
		2C11974C1B92EA7500ECD2F7 /* PBXContainerItemProxy */ = {
			isa = PBXContainerItemProxy;
			containerPortal = 2C1197241B92EA7500ECD2F7 /* Project object */;
			proxyType = 1;
			remoteGlobalIDString = 2C11972B1B92EA7500ECD2F7;
			remoteInfo = CustomizedDatePicker;
		};
/* End PBXContainerItemProxy section */

/* Begin PBXFileReference section */
		2C11972C1B92EA7500ECD2F7 /* CustomizedDatePicker.app */ = {isa = PBXFileReference; explicitFileType = wrapper.application; includeInIndex = 0; path = CustomizedDatePicker.app; sourceTree = BUILT_PRODUCTS_DIR; };
		2C11972F1B92EA7500ECD2F7 /* Foundation.framework */ = {isa = PBXFileReference; lastKnownFileType = wrapper.framework; name = Foundation.framework; path = System/Library/Frameworks/Foundation.framework; sourceTree = SDKROOT; };
		2C1197311B92EA7500ECD2F7 /* CoreGraphics.framework */ = {isa = PBXFileReference; lastKnownFileType = wrapper.framework; name = CoreGraphics.framework; path = System/Library/Frameworks/CoreGraphics.framework; sourceTree = SDKROOT; };
		2C1197331B92EA7500ECD2F7 /* UIKit.framework */ = {isa = PBXFileReference; lastKnownFileType = wrapper.framework; name = UIKit.framework; path = System/Library/Frameworks/UIKit.framework; sourceTree = SDKROOT; };
		2C1197371B92EA7500ECD2F7 /* CustomizedDatePicker-Info.plist */ = {isa = PBXFileReference; lastKnownFileType = text.plist.xml; path = "CustomizedDatePicker-Info.plist"; sourceTree = "<group>"; };
		2C1197391B92EA7500ECD2F7 /* en */ = {isa = PBXFileReference; lastKnownFileType = text.plist.strings; name = en; path = en.lproj/InfoPlist.strings; sourceTree = "<group>"; };
		2C11973B1B92EA7500ECD2F7 /* main.m */ = {isa = PBXFileReference; lastKnownFileType = sourcecode.c.objc; path = main.m; sourceTree = "<group>"; };
		2C11973D1B92EA7500ECD2F7 /* CustomizedDatePicker-Prefix.pch */ = {isa = PBXFileReference; lastKnownFileType = sourcecode.c.h; path = "CustomizedDatePicker-Prefix.pch"; sourceTree = "<group>"; };
		2C11973E1B92EA7500ECD2F7 /* AppDelegate.h */ = {isa = PBXFileReference; lastKnownFileType = sourcecode.c.h; path = AppDelegate.h; sourceTree = "<group>"; };
		2C11973F1B92EA7500ECD2F7 /* AppDelegate.m */ = {isa = PBXFileReference; lastKnownFileType = sourcecode.c.objc; path = AppDelegate.m; sourceTree = "<group>"; };
		2C1197411B92EA7500ECD2F7 /* Images.xcassets */ = {isa = PBXFileReference; lastKnownFileType = folder.assetcatalog; path = Images.xcassets; sourceTree = "<group>"; };
		2C1197471B92EA7500ECD2F7 /* CustomizedDatePickerTests.xctest */ = {isa = PBXFileReference; explicitFileType = wrapper.cfbundle; includeInIndex = 0; path = CustomizedDatePickerTests.xctest; sourceTree = BUILT_PRODUCTS_DIR; };
		2C1197481B92EA7500ECD2F7 /* XCTest.framework */ = {isa = PBXFileReference; lastKnownFileType = wrapper.framework; name = XCTest.framework; path = Library/Frameworks/XCTest.framework; sourceTree = DEVELOPER_DIR; };
		2C1197501B92EA7500ECD2F7 /* CustomizedDatePickerTests-Info.plist */ = {isa = PBXFileReference; lastKnownFileType = text.plist.xml; path = "CustomizedDatePickerTests-Info.plist"; sourceTree = "<group>"; };
		2C1197521B92EA7500ECD2F7 /* en */ = {isa = PBXFileReference; lastKnownFileType = text.plist.strings; name = en; path = en.lproj/InfoPlist.strings; sourceTree = "<group>"; };
		2C1197541B92EA7500ECD2F7 /* CustomizedDatePickerTests.m */ = {isa = PBXFileReference; lastKnownFileType = sourcecode.c.objc; path = CustomizedDatePickerTests.m; sourceTree = "<group>"; };
		2C11975F1B92EACD00ECD2F7 /* DatePicker.h */ = {isa = PBXFileReference; fileEncoding = 4; lastKnownFileType = sourcecode.c.h; path = DatePicker.h; sourceTree = "<group>"; };
		2C1197601B92EACD00ECD2F7 /* DatePicker.m */ = {isa = PBXFileReference; fileEncoding = 4; lastKnownFileType = sourcecode.c.objc; path = DatePicker.m; sourceTree = "<group>"; };
		2C1197661B92EC8D00ECD2F7 /* Utilities.h */ = {isa = PBXFileReference; fileEncoding = 4; lastKnownFileType = sourcecode.c.h; path = Utilities.h; sourceTree = "<group>"; };
		2C1197671B92EC8D00ECD2F7 /* Utilities.m */ = {isa = PBXFileReference; fileEncoding = 4; lastKnownFileType = sourcecode.c.objc; path = Utilities.m; sourceTree = "<group>"; };
		2C11976A1B92ED5900ECD2F7 /* Define.h */ = {isa = PBXFileReference; fileEncoding = 4; lastKnownFileType = sourcecode.c.h; path = Define.h; sourceTree = "<group>"; };
		2C11976C1B92EDC900ECD2F7 /* CustomRangeDatePicker.h */ = {isa = PBXFileReference; fileEncoding = 4; lastKnownFileType = sourcecode.c.h; path = CustomRangeDatePicker.h; sourceTree = "<group>"; };
		2C11976D1B92EDC900ECD2F7 /* CustomRangeDatePicker.m */ = {isa = PBXFileReference; fileEncoding = 4; lastKnownFileType = sourcecode.c.objc; path = CustomRangeDatePicker.m; sourceTree = "<group>"; };
		2C11976E1B92EDC900ECD2F7 /* CustomRangeDatePicker.xib */ = {isa = PBXFileReference; fileEncoding = 4; lastKnownFileType = file.xib; path = CustomRangeDatePicker.xib; sourceTree = "<group>"; };
		2C11976F1B92EDC900ECD2F7 /* CustomSingleDatePicker.h */ = {isa = PBXFileReference; fileEncoding = 4; lastKnownFileType = sourcecode.c.h; path = CustomSingleDatePicker.h; sourceTree = "<group>"; };
		2C1197701B92EDC900ECD2F7 /* CustomSingleDatePicker.m */ = {isa = PBXFileReference; fileEncoding = 4; lastKnownFileType = sourcecode.c.objc; path = CustomSingleDatePicker.m; sourceTree = "<group>"; };
		2C1197711B92EDC900ECD2F7 /* CustomSingleDatePicker.xib */ = {isa = PBXFileReference; fileEncoding = 4; lastKnownFileType = file.xib; path = CustomSingleDatePicker.xib; sourceTree = "<group>"; };
		2C1197771B92EE9F00ECD2F7 /* CustomizedDatePickerViewController.h */ = {isa = PBXFileReference; fileEncoding = 4; lastKnownFileType = sourcecode.c.h; name = CustomizedDatePickerViewController.h; path = CustomizedDatePickerViewController/CustomizedDatePickerViewController.h; sourceTree = "<group>"; };
		2C1197781B92EE9F00ECD2F7 /* CustomizedDatePickerViewController.m */ = {isa = PBXFileReference; fileEncoding = 4; lastKnownFileType = sourcecode.c.objc; name = CustomizedDatePickerViewController.m; path = CustomizedDatePickerViewController/CustomizedDatePickerViewController.m; sourceTree = "<group>"; };
		2C1197791B92EE9F00ECD2F7 /* CustomizedDatePickerViewController.xib */ = {isa = PBXFileReference; fileEncoding = 4; lastKnownFileType = file.xib; name = CustomizedDatePickerViewController.xib; path = CustomizedDatePickerViewController/CustomizedDatePickerViewController.xib; sourceTree = "<group>"; };
		2C11977C1B93191400ECD2F7 /* CustomizedDatePickerViewController_iPhone.xib */ = {isa = PBXFileReference; fileEncoding = 4; lastKnownFileType = file.xib; name = CustomizedDatePickerViewController_iPhone.xib; path = CustomizedDatePickerViewController/CustomizedDatePickerViewController_iPhone.xib; sourceTree = "<group>"; };
		2C11977F1B93251600ECD2F7 /* Icon-40.png */ = {isa = PBXFileReference; lastKnownFileType = image.png; path = "Icon-40.png"; sourceTree = "<group>"; };
		2C1197801B93251600ECD2F7 /* Icon-40@2x.png */ = {isa = PBXFileReference; lastKnownFileType = image.png; path = "Icon-40@2x.png"; sourceTree = "<group>"; };
		2C1197811B93251600ECD2F7 /* Icon-40@3x.png */ = {isa = PBXFileReference; lastKnownFileType = image.png; path = "Icon-40@3x.png"; sourceTree = "<group>"; };
		2C1197821B93251600ECD2F7 /* Icon-60.png */ = {isa = PBXFileReference; lastKnownFileType = image.png; path = "Icon-60.png"; sourceTree = "<group>"; };
		2C1197831B93251600ECD2F7 /* Icon-60@2x.png */ = {isa = PBXFileReference; lastKnownFileType = image.png; path = "Icon-60@2x.png"; sourceTree = "<group>"; };
		2C1197841B93251600ECD2F7 /* Icon-60@3x.png */ = {isa = PBXFileReference; lastKnownFileType = image.png; path = "Icon-60@3x.png"; sourceTree = "<group>"; };
		2C1197851B93251600ECD2F7 /* Icon-72.png */ = {isa = PBXFileReference; lastKnownFileType = image.png; path = "Icon-72.png"; sourceTree = "<group>"; };
		2C1197861B93251600ECD2F7 /* Icon-72@2x.png */ = {isa = PBXFileReference; lastKnownFileType = image.png; path = "Icon-72@2x.png"; sourceTree = "<group>"; };
		2C1197871B93251600ECD2F7 /* Icon-76.png */ = {isa = PBXFileReference; lastKnownFileType = image.png; path = "Icon-76.png"; sourceTree = "<group>"; };
		2C1197881B93251600ECD2F7 /* Icon-76@2x.png */ = {isa = PBXFileReference; lastKnownFileType = image.png; path = "Icon-76@2x.png"; sourceTree = "<group>"; };
		2C1197891B93251600ECD2F7 /* Icon-Small-50.png */ = {isa = PBXFileReference; lastKnownFileType = image.png; path = "Icon-Small-50.png"; sourceTree = "<group>"; };
		2C11978A1B93251600ECD2F7 /* Icon-Small-50@2x.png */ = {isa = PBXFileReference; lastKnownFileType = image.png; path = "Icon-Small-50@2x.png"; sourceTree = "<group>"; };
		2C11978B1B93251600ECD2F7 /* Icon-Small.png */ = {isa = PBXFileReference; lastKnownFileType = image.png; path = "Icon-Small.png"; sourceTree = "<group>"; };
		2C11978C1B93251600ECD2F7 /* Icon-Small@2x.png */ = {isa = PBXFileReference; lastKnownFileType = image.png; path = "Icon-Small@2x.png"; sourceTree = "<group>"; };
		2C11978D1B93251600ECD2F7 /* Icon-Small@3x.png */ = {isa = PBXFileReference; lastKnownFileType = image.png; path = "Icon-Small@3x.png"; sourceTree = "<group>"; };
		2C11978E1B93251600ECD2F7 /* Icon.png */ = {isa = PBXFileReference; lastKnownFileType = image.png; path = Icon.png; sourceTree = "<group>"; };
		2C11978F1B93251600ECD2F7 /* Icon@2x.png */ = {isa = PBXFileReference; lastKnownFileType = image.png; path = "Icon@2x.png"; sourceTree = "<group>"; };
		2C1197901B93251600ECD2F7 /* iTunesArtwork.png */ = {isa = PBXFileReference; lastKnownFileType = image.png; path = iTunesArtwork.png; sourceTree = "<group>"; };
		2C1197911B93251600ECD2F7 /* iTunesArtwork@2x.png */ = {isa = PBXFileReference; lastKnownFileType = image.png; path = "iTunesArtwork@2x.png"; sourceTree = "<group>"; };
/* End PBXFileReference section */

/* Begin PBXFrameworksBuildPhase section */
		2C1197291B92EA7500ECD2F7 /* Frameworks */ = {
			isa = PBXFrameworksBuildPhase;
			buildActionMask = 2147483647;
			files = (
				2C1197321B92EA7500ECD2F7 /* CoreGraphics.framework in Frameworks */,
				2C1197341B92EA7500ECD2F7 /* UIKit.framework in Frameworks */,
				2C1197301B92EA7500ECD2F7 /* Foundation.framework in Frameworks */,
			);
			runOnlyForDeploymentPostprocessing = 0;
		};
		2C1197441B92EA7500ECD2F7 /* Frameworks */ = {
			isa = PBXFrameworksBuildPhase;
			buildActionMask = 2147483647;
			files = (
				2C1197491B92EA7500ECD2F7 /* XCTest.framework in Frameworks */,
				2C11974B1B92EA7500ECD2F7 /* UIKit.framework in Frameworks */,
				2C11974A1B92EA7500ECD2F7 /* Foundation.framework in Frameworks */,
			);
			runOnlyForDeploymentPostprocessing = 0;
		};
/* End PBXFrameworksBuildPhase section */

/* Begin PBXGroup section */
		2C1197231B92EA7500ECD2F7 = {
			isa = PBXGroup;
			children = (
				2C1197351B92EA7500ECD2F7 /* CustomizedDatePicker */,
				2C11974E1B92EA7500ECD2F7 /* CustomizedDatePickerTests */,
				2C11972E1B92EA7500ECD2F7 /* Frameworks */,
				2C11972D1B92EA7500ECD2F7 /* Products */,
			);
			sourceTree = "<group>";
		};
		2C11972D1B92EA7500ECD2F7 /* Products */ = {
			isa = PBXGroup;
			children = (
				2C11972C1B92EA7500ECD2F7 /* CustomizedDatePicker.app */,
				2C1197471B92EA7500ECD2F7 /* CustomizedDatePickerTests.xctest */,
			);
			name = Products;
			sourceTree = "<group>";
		};
		2C11972E1B92EA7500ECD2F7 /* Frameworks */ = {
			isa = PBXGroup;
			children = (
				2C11972F1B92EA7500ECD2F7 /* Foundation.framework */,
				2C1197311B92EA7500ECD2F7 /* CoreGraphics.framework */,
				2C1197331B92EA7500ECD2F7 /* UIKit.framework */,
				2C1197481B92EA7500ECD2F7 /* XCTest.framework */,
			);
			name = Frameworks;
			sourceTree = "<group>";
		};
		2C1197351B92EA7500ECD2F7 /* CustomizedDatePicker */ = {
			isa = PBXGroup;
			children = (
				2C1197761B92EE6C00ECD2F7 /* CustomizedDatePickerViewController */,
				2C11976B1B92EDC900ECD2F7 /* CustomDatePicker */,
				2C1197691B92ED5900ECD2F7 /* Define */,
				2C1197621B92EB5C00ECD2F7 /* Utility */,
				2C11975E1B92EACD00ECD2F7 /* DatePicker */,
				2C11973E1B92EA7500ECD2F7 /* AppDelegate.h */,
				2C11973F1B92EA7500ECD2F7 /* AppDelegate.m */,
				2C1197411B92EA7500ECD2F7 /* Images.xcassets */,
				2C1197361B92EA7500ECD2F7 /* Supporting Files */,
			);
			path = CustomizedDatePicker;
			sourceTree = "<group>";
		};
		2C1197361B92EA7500ECD2F7 /* Supporting Files */ = {
			isa = PBXGroup;
			children = (
				2C11977E1B93251600ECD2F7 /* AppIcon */,
				2C1197371B92EA7500ECD2F7 /* CustomizedDatePicker-Info.plist */,
				2C1197381B92EA7500ECD2F7 /* InfoPlist.strings */,
				2C11973B1B92EA7500ECD2F7 /* main.m */,
				2C11973D1B92EA7500ECD2F7 /* CustomizedDatePicker-Prefix.pch */,
			);
			name = "Supporting Files";
			sourceTree = "<group>";
		};
		2C11974E1B92EA7500ECD2F7 /* CustomizedDatePickerTests */ = {
			isa = PBXGroup;
			children = (
				2C1197541B92EA7500ECD2F7 /* CustomizedDatePickerTests.m */,
				2C11974F1B92EA7500ECD2F7 /* Supporting Files */,
			);
			path = CustomizedDatePickerTests;
			sourceTree = "<group>";
		};
		2C11974F1B92EA7500ECD2F7 /* Supporting Files */ = {
			isa = PBXGroup;
			children = (
				2C1197501B92EA7500ECD2F7 /* CustomizedDatePickerTests-Info.plist */,
				2C1197511B92EA7500ECD2F7 /* InfoPlist.strings */,
			);
			name = "Supporting Files";
			sourceTree = "<group>";
		};
		2C11975E1B92EACD00ECD2F7 /* DatePicker */ = {
			isa = PBXGroup;
			children = (
				2C11975F1B92EACD00ECD2F7 /* DatePicker.h */,
				2C1197601B92EACD00ECD2F7 /* DatePicker.m */,
			);
			path = DatePicker;
			sourceTree = "<group>";
		};
		2C1197621B92EB5C00ECD2F7 /* Utility */ = {
			isa = PBXGroup;
			children = (
				2C1197661B92EC8D00ECD2F7 /* Utilities.h */,
				2C1197671B92EC8D00ECD2F7 /* Utilities.m */,
			);
			path = Utility;
			sourceTree = "<group>";
		};
		2C1197691B92ED5900ECD2F7 /* Define */ = {
			isa = PBXGroup;
			children = (
				2C11976A1B92ED5900ECD2F7 /* Define.h */,
			);
			path = Define;
			sourceTree = "<group>";
		};
		2C11976B1B92EDC900ECD2F7 /* CustomDatePicker */ = {
			isa = PBXGroup;
			children = (
				2C11976C1B92EDC900ECD2F7 /* CustomRangeDatePicker.h */,
				2C11976D1B92EDC900ECD2F7 /* CustomRangeDatePicker.m */,
				2C11976E1B92EDC900ECD2F7 /* CustomRangeDatePicker.xib */,
				2C11976F1B92EDC900ECD2F7 /* CustomSingleDatePicker.h */,
				2C1197701B92EDC900ECD2F7 /* CustomSingleDatePicker.m */,
				2C1197711B92EDC900ECD2F7 /* CustomSingleDatePicker.xib */,
			);
			path = CustomDatePicker;
			sourceTree = "<group>";
		};
		2C1197761B92EE6C00ECD2F7 /* CustomizedDatePickerViewController */ = {
			isa = PBXGroup;
			children = (
				2C1197771B92EE9F00ECD2F7 /* CustomizedDatePickerViewController.h */,
				2C1197781B92EE9F00ECD2F7 /* CustomizedDatePickerViewController.m */,
				2C1197791B92EE9F00ECD2F7 /* CustomizedDatePickerViewController.xib */,
				2C11977C1B93191400ECD2F7 /* CustomizedDatePickerViewController_iPhone.xib */,
			);
			name = CustomizedDatePickerViewController;
			sourceTree = "<group>";
		};
		2C11977E1B93251600ECD2F7 /* AppIcon */ = {
			isa = PBXGroup;
			children = (
				2C11977F1B93251600ECD2F7 /* Icon-40.png */,
				2C1197801B93251600ECD2F7 /* Icon-40@2x.png */,
				2C1197811B93251600ECD2F7 /* Icon-40@3x.png */,
				2C1197821B93251600ECD2F7 /* Icon-60.png */,
				2C1197831B93251600ECD2F7 /* Icon-60@2x.png */,
				2C1197841B93251600ECD2F7 /* Icon-60@3x.png */,
				2C1197851B93251600ECD2F7 /* Icon-72.png */,
				2C1197861B93251600ECD2F7 /* Icon-72@2x.png */,
				2C1197871B93251600ECD2F7 /* Icon-76.png */,
				2C1197881B93251600ECD2F7 /* Icon-76@2x.png */,
				2C1197891B93251600ECD2F7 /* Icon-Small-50.png */,
				2C11978A1B93251600ECD2F7 /* Icon-Small-50@2x.png */,
				2C11978B1B93251600ECD2F7 /* Icon-Small.png */,
				2C11978C1B93251600ECD2F7 /* Icon-Small@2x.png */,
				2C11978D1B93251600ECD2F7 /* Icon-Small@3x.png */,
				2C11978E1B93251600ECD2F7 /* Icon.png */,
				2C11978F1B93251600ECD2F7 /* Icon@2x.png */,
				2C1197901B93251600ECD2F7 /* iTunesArtwork.png */,
				2C1197911B93251600ECD2F7 /* iTunesArtwork@2x.png */,
			);
			path = AppIcon;
			sourceTree = "<group>";
		};
/* End PBXGroup section */

/* Begin PBXNativeTarget section */
		2C11972B1B92EA7500ECD2F7 /* CustomizedDatePicker */ = {
			isa = PBXNativeTarget;
			buildConfigurationList = 2C1197581B92EA7500ECD2F7 /* Build configuration list for PBXNativeTarget "CustomizedDatePicker" */;
			buildPhases = (
				2C1197281B92EA7500ECD2F7 /* Sources */,
				2C1197291B92EA7500ECD2F7 /* Frameworks */,
				2C11972A1B92EA7500ECD2F7 /* Resources */,
			);
			buildRules = (
			);
			dependencies = (
			);
			name = CustomizedDatePicker;
			productName = CustomizedDatePicker;
			productReference = 2C11972C1B92EA7500ECD2F7 /* CustomizedDatePicker.app */;
			productType = "com.apple.product-type.application";
		};
		2C1197461B92EA7500ECD2F7 /* CustomizedDatePickerTests */ = {
			isa = PBXNativeTarget;
			buildConfigurationList = 2C11975B1B92EA7500ECD2F7 /* Build configuration list for PBXNativeTarget "CustomizedDatePickerTests" */;
			buildPhases = (
				2C1197431B92EA7500ECD2F7 /* Sources */,
				2C1197441B92EA7500ECD2F7 /* Frameworks */,
				2C1197451B92EA7500ECD2F7 /* Resources */,
			);
			buildRules = (
			);
			dependencies = (
				2C11974D1B92EA7500ECD2F7 /* PBXTargetDependency */,
			);
			name = CustomizedDatePickerTests;
			productName = CustomizedDatePickerTests;
			productReference = 2C1197471B92EA7500ECD2F7 /* CustomizedDatePickerTests.xctest */;
			productType = "com.apple.product-type.bundle.unit-test";
		};
/* End PBXNativeTarget section */

/* Begin PBXProject section */
		2C1197241B92EA7500ECD2F7 /* Project object */ = {
			isa = PBXProject;
			attributes = {
				LastUpgradeCheck = 0500;
				ORGANIZATIONNAME = Mahboob;
				TargetAttributes = {
					2C1197461B92EA7500ECD2F7 = {
						TestTargetID = 2C11972B1B92EA7500ECD2F7;
					};
				};
			};
			buildConfigurationList = 2C1197271B92EA7500ECD2F7 /* Build configuration list for PBXProject "CustomizedDatePicker" */;
			compatibilityVersion = "Xcode 3.2";
			developmentRegion = English;
			hasScannedForEncodings = 0;
			knownRegions = (
				en,
			);
			mainGroup = 2C1197231B92EA7500ECD2F7;
			productRefGroup = 2C11972D1B92EA7500ECD2F7 /* Products */;
			projectDirPath = "";
			projectRoot = "";
			targets = (
				2C11972B1B92EA7500ECD2F7 /* CustomizedDatePicker */,
				2C1197461B92EA7500ECD2F7 /* CustomizedDatePickerTests */,
			);
		};
/* End PBXProject section */

/* Begin PBXResourcesBuildPhase section */
		2C11972A1B92EA7500ECD2F7 /* Resources */ = {
			isa = PBXResourcesBuildPhase;
			buildActionMask = 2147483647;
			files = (
				2C11979D1B93251600ECD2F7 /* Icon-Small-50@2x.png in Resources */,
				2C1197991B93251600ECD2F7 /* Icon-72@2x.png in Resources */,
				2C1197971B93251600ECD2F7 /* Icon-60@3x.png in Resources */,
				2C11979A1B93251600ECD2F7 /* Icon-76.png in Resources */,
				2C1197951B93251600ECD2F7 /* Icon-60.png in Resources */,
				2C1197A21B93251600ECD2F7 /* Icon@2x.png in Resources */,
				2C1197A31B93251600ECD2F7 /* iTunesArtwork.png in Resources */,
				2C11977B1B92EE9F00ECD2F7 /* CustomizedDatePickerViewController.xib in Resources */,
				2C1197751B92EDC900ECD2F7 /* CustomSingleDatePicker.xib in Resources */,
				2C11977D1B93191400ECD2F7 /* CustomizedDatePickerViewController_iPhone.xib in Resources */,
				2C1197A11B93251600ECD2F7 /* Icon.png in Resources */,
				2C1197A41B93251600ECD2F7 /* iTunesArtwork@2x.png in Resources */,
				2C1197961B93251600ECD2F7 /* Icon-60@2x.png in Resources */,
				2C1197921B93251600ECD2F7 /* Icon-40.png in Resources */,
				2C11979E1B93251600ECD2F7 /* Icon-Small.png in Resources */,
				2C1197941B93251600ECD2F7 /* Icon-40@3x.png in Resources */,
				2C1197A01B93251600ECD2F7 /* Icon-Small@3x.png in Resources */,
				2C11973A1B92EA7500ECD2F7 /* InfoPlist.strings in Resources */,
				2C11979F1B93251600ECD2F7 /* Icon-Small@2x.png in Resources */,
				2C11979C1B93251600ECD2F7 /* Icon-Small-50.png in Resources */,
				2C1197981B93251600ECD2F7 /* Icon-72.png in Resources */,
				2C1197931B93251600ECD2F7 /* Icon-40@2x.png in Resources */,
				2C1197421B92EA7500ECD2F7 /* Images.xcassets in Resources */,
				2C11979B1B93251600ECD2F7 /* Icon-76@2x.png in Resources */,
				2C1197731B92EDC900ECD2F7 /* CustomRangeDatePicker.xib in Resources */,
			);
			runOnlyForDeploymentPostprocessing = 0;
		};
		2C1197451B92EA7500ECD2F7 /* Resources */ = {
			isa = PBXResourcesBuildPhase;
			buildActionMask = 2147483647;
			files = (
				2C1197531B92EA7500ECD2F7 /* InfoPlist.strings in Resources */,
			);
			runOnlyForDeploymentPostprocessing = 0;
		};
/* End PBXResourcesBuildPhase section */

/* Begin PBXSourcesBuildPhase section */
		2C1197281B92EA7500ECD2F7 /* Sources */ = {
			isa = PBXSourcesBuildPhase;
			buildActionMask = 2147483647;
			files = (
				2C1197741B92EDC900ECD2F7 /* CustomSingleDatePicker.m in Sources */,
				2C1197611B92EACD00ECD2F7 /* DatePicker.m in Sources */,
				2C1197401B92EA7500ECD2F7 /* AppDelegate.m in Sources */,
				2C11977A1B92EE9F00ECD2F7 /* CustomizedDatePickerViewController.m in Sources */,
				2C1197721B92EDC900ECD2F7 /* CustomRangeDatePicker.m in Sources */,
				2C1197681B92EC8D00ECD2F7 /* Utilities.m in Sources */,
				2C11973C1B92EA7500ECD2F7 /* main.m in Sources */,
			);
			runOnlyForDeploymentPostprocessing = 0;
		};
		2C1197431B92EA7500ECD2F7 /* Sources */ = {
			isa = PBXSourcesBuildPhase;
			buildActionMask = 2147483647;
			files = (
				2C1197551B92EA7500ECD2F7 /* CustomizedDatePickerTests.m in Sources */,
			);
			runOnlyForDeploymentPostprocessing = 0;
		};
/* End PBXSourcesBuildPhase section */

/* Begin PBXTargetDependency section */
		2C11974D1B92EA7500ECD2F7 /* PBXTargetDependency */ = {
			isa = PBXTargetDependency;
			target = 2C11972B1B92EA7500ECD2F7 /* CustomizedDatePicker */;
			targetProxy = 2C11974C1B92EA7500ECD2F7 /* PBXContainerItemProxy */;
		};
/* End PBXTargetDependency section */

/* Begin PBXVariantGroup section */
		2C1197381B92EA7500ECD2F7 /* InfoPlist.strings */ = {
			isa = PBXVariantGroup;
			children = (
				2C1197391B92EA7500ECD2F7 /* en */,
			);
			name = InfoPlist.strings;
			sourceTree = "<group>";
		};
		2C1197511B92EA7500ECD2F7 /* InfoPlist.strings */ = {
			isa = PBXVariantGroup;
			children = (
				2C1197521B92EA7500ECD2F7 /* en */,
			);
			name = InfoPlist.strings;
			sourceTree = "<group>";
		};
/* End PBXVariantGroup section */

/* Begin XCBuildConfiguration section */
		2C1197561B92EA7500ECD2F7 /* Debug */ = {
			isa = XCBuildConfiguration;
			buildSettings = {
				ALWAYS_SEARCH_USER_PATHS = NO;
				ARCHS = "$(ARCHS_STANDARD_INCLUDING_64_BIT)";
				CLANG_CXX_LANGUAGE_STANDARD = "gnu++0x";
				CLANG_CXX_LIBRARY = "libc++";
				CLANG_ENABLE_MODULES = YES;
				CLANG_ENABLE_OBJC_ARC = YES;
				CLANG_WARN_BOOL_CONVERSION = YES;
				CLANG_WARN_CONSTANT_CONVERSION = YES;
				CLANG_WARN_DIRECT_OBJC_ISA_USAGE = YES_ERROR;
				CLANG_WARN_EMPTY_BODY = YES;
				CLANG_WARN_ENUM_CONVERSION = YES;
				CLANG_WARN_INT_CONVERSION = YES;
				CLANG_WARN_OBJC_ROOT_CLASS = YES_ERROR;
				CLANG_WARN__DUPLICATE_METHOD_MATCH = YES;
				"CODE_SIGN_IDENTITY[sdk=iphoneos*]" = "iPhone Developer";
				COPY_PHASE_STRIP = NO;
				GCC_C_LANGUAGE_STANDARD = gnu99;
				GCC_DYNAMIC_NO_PIC = NO;
				GCC_OPTIMIZATION_LEVEL = 0;
				GCC_PREPROCESSOR_DEFINITIONS = (
					"DEBUG=1",
					"$(inherited)",
				);
				GCC_SYMBOLS_PRIVATE_EXTERN = NO;
				GCC_WARN_64_TO_32_BIT_CONVERSION = YES;
				GCC_WARN_ABOUT_RETURN_TYPE = YES_ERROR;
				GCC_WARN_UNDECLARED_SELECTOR = YES;
				GCC_WARN_UNINITIALIZED_AUTOS = YES;
				GCC_WARN_UNUSED_FUNCTION = YES;
				GCC_WARN_UNUSED_VARIABLE = YES;
				IPHONEOS_DEPLOYMENT_TARGET = 7.0;
				ONLY_ACTIVE_ARCH = YES;
				SDKROOT = iphoneos;
				TARGETED_DEVICE_FAMILY = "1,2";
			};
			name = Debug;
		};
		2C1197571B92EA7500ECD2F7 /* Release */ = {
			isa = XCBuildConfiguration;
			buildSettings = {
				ALWAYS_SEARCH_USER_PATHS = NO;
				ARCHS = "$(ARCHS_STANDARD_INCLUDING_64_BIT)";
				CLANG_CXX_LANGUAGE_STANDARD = "gnu++0x";
				CLANG_CXX_LIBRARY = "libc++";
				CLANG_ENABLE_MODULES = YES;
				CLANG_ENABLE_OBJC_ARC = YES;
				CLANG_WARN_BOOL_CONVERSION = YES;
				CLANG_WARN_CONSTANT_CONVERSION = YES;
				CLANG_WARN_DIRECT_OBJC_ISA_USAGE = YES_ERROR;
				CLANG_WARN_EMPTY_BODY = YES;
				CLANG_WARN_ENUM_CONVERSION = YES;
				CLANG_WARN_INT_CONVERSION = YES;
				CLANG_WARN_OBJC_ROOT_CLASS = YES_ERROR;
				CLANG_WARN__DUPLICATE_METHOD_MATCH = YES;
				"CODE_SIGN_IDENTITY[sdk=iphoneos*]" = "iPhone Developer";
				COPY_PHASE_STRIP = YES;
				ENABLE_NS_ASSERTIONS = NO;
				GCC_C_LANGUAGE_STANDARD = gnu99;
				GCC_WARN_64_TO_32_BIT_CONVERSION = YES;
				GCC_WARN_ABOUT_RETURN_TYPE = YES_ERROR;
				GCC_WARN_UNDECLARED_SELECTOR = YES;
				GCC_WARN_UNINITIALIZED_AUTOS = YES;
				GCC_WARN_UNUSED_FUNCTION = YES;
				GCC_WARN_UNUSED_VARIABLE = YES;
				IPHONEOS_DEPLOYMENT_TARGET = 7.0;
				SDKROOT = iphoneos;
				TARGETED_DEVICE_FAMILY = "1,2";
				VALIDATE_PRODUCT = YES;
			};
			name = Release;
		};
		2C1197591B92EA7500ECD2F7 /* Debug */ = {
			isa = XCBuildConfiguration;
			buildSettings = {
				ASSETCATALOG_COMPILER_LAUNCHIMAGE_NAME = LaunchImage;
				GCC_PRECOMPILE_PREFIX_HEADER = YES;
				GCC_PREFIX_HEADER = "CustomizedDatePicker/CustomizedDatePicker-Prefix.pch";
				INFOPLIST_FILE = "CustomizedDatePicker/CustomizedDatePicker-Info.plist";
				PRODUCT_NAME = "$(TARGET_NAME)";
				WRAPPER_EXTENSION = app;
			};
			name = Debug;
		};
		2C11975A1B92EA7500ECD2F7 /* Release */ = {
			isa = XCBuildConfiguration;
			buildSettings = {
				ASSETCATALOG_COMPILER_LAUNCHIMAGE_NAME = LaunchImage;
				GCC_PRECOMPILE_PREFIX_HEADER = YES;
				GCC_PREFIX_HEADER = "CustomizedDatePicker/CustomizedDatePicker-Prefix.pch";
				INFOPLIST_FILE = "CustomizedDatePicker/CustomizedDatePicker-Info.plist";
				PRODUCT_NAME = "$(TARGET_NAME)";
				WRAPPER_EXTENSION = app;
			};
			name = Release;
		};
		2C11975C1B92EA7500ECD2F7 /* Debug */ = {
			isa = XCBuildConfiguration;
			buildSettings = {
				ARCHS = "$(ARCHS_STANDARD_INCLUDING_64_BIT)";
				BUNDLE_LOADER = "$(BUILT_PRODUCTS_DIR)/CustomizedDatePicker.app/CustomizedDatePicker";
				FRAMEWORK_SEARCH_PATHS = (
					"$(SDKROOT)/Developer/Library/Frameworks",
					"$(inherited)",
					"$(DEVELOPER_FRAMEWORKS_DIR)",
				);
				GCC_PRECOMPILE_PREFIX_HEADER = YES;
				GCC_PREFIX_HEADER = "CustomizedDatePicker/CustomizedDatePicker-Prefix.pch";
				GCC_PREPROCESSOR_DEFINITIONS = (
					"DEBUG=1",
					"$(inherited)",
				);
				INFOPLIST_FILE = "CustomizedDatePickerTests/CustomizedDatePickerTests-Info.plist";
				PRODUCT_NAME = "$(TARGET_NAME)";
				TEST_HOST = "$(BUNDLE_LOADER)";
				WRAPPER_EXTENSION = xctest;
			};
			name = Debug;
		};
		2C11975D1B92EA7500ECD2F7 /* Release */ = {
			isa = XCBuildConfiguration;
			buildSettings = {
				ARCHS = "$(ARCHS_STANDARD_INCLUDING_64_BIT)";
				BUNDLE_LOADER = "$(BUILT_PRODUCTS_DIR)/CustomizedDatePicker.app/CustomizedDatePicker";
				FRAMEWORK_SEARCH_PATHS = (
					"$(SDKROOT)/Developer/Library/Frameworks",
					"$(inherited)",
					"$(DEVELOPER_FRAMEWORKS_DIR)",
				);
				GCC_PRECOMPILE_PREFIX_HEADER = YES;
				GCC_PREFIX_HEADER = "CustomizedDatePicker/CustomizedDatePicker-Prefix.pch";
				INFOPLIST_FILE = "CustomizedDatePickerTests/CustomizedDatePickerTests-Info.plist";
				PRODUCT_NAME = "$(TARGET_NAME)";
				TEST_HOST = "$(BUNDLE_LOADER)";
				WRAPPER_EXTENSION = xctest;
			};
			name = Release;
		};
/* End XCBuildConfiguration section */

/* Begin XCConfigurationList section */
		2C1197271B92EA7500ECD2F7 /* Build configuration list for PBXProject "CustomizedDatePicker" */ = {
			isa = XCConfigurationList;
			buildConfigurations = (
				2C1197561B92EA7500ECD2F7 /* Debug */,
				2C1197571B92EA7500ECD2F7 /* Release */,
			);
			defaultConfigurationIsVisible = 0;
			defaultConfigurationName = Release;
		};
		2C1197581B92EA7500ECD2F7 /* Build configuration list for PBXNativeTarget "CustomizedDatePicker" */ = {
			isa = XCConfigurationList;
			buildConfigurations = (
				2C1197591B92EA7500ECD2F7 /* Debug */,
				2C11975A1B92EA7500ECD2F7 /* Release */,
			);
			defaultConfigurationIsVisible = 0;
			defaultConfigurationName = Release;
		};
		2C11975B1B92EA7500ECD2F7 /* Build configuration list for PBXNativeTarget "CustomizedDatePickerTests" */ = {
			isa = XCConfigurationList;
			buildConfigurations = (
				2C11975C1B92EA7500ECD2F7 /* Debug */,
				2C11975D1B92EA7500ECD2F7 /* Release */,
			);
			defaultConfigurationIsVisible = 0;
			defaultConfigurationName = Release;
		};
/* End XCConfigurationList section */
	};
	rootObject = 2C1197241B92EA7500ECD2F7 /* Project object */;
}
